
Microsoft Visual Studio Solution File, Format Version 12.00
# Visual Studio Version 16
VisualStudioVersion = 16.0.29905.134
MinimumVisualStudioVersion = 10.0.40219.1
Project("{FAE04EC0-301F-11D3-BF4B-00C04F79EFBC}") = "WinDarkModeToggler", "WinDarkModeToggler\WinDarkModeToggler.csproj", "{7F56FF85-DDEE-4C52-B3AA-728BACC0B361}"
EndProject
Global
	GlobalSection(SolutionConfigurationPlatforms) = preSolution
		Debug|Any CPU = Debug|Any CPU
		Release|Any CPU = Release|Any CPU
	EndGlobalSection
	GlobalSection(ProjectConfigurationPlatforms) = postSolution
		{7F56FF85-DDEE-4C52-B3AA-728BACC0B361}.Debug|Any CPU.ActiveCfg = Debug|Any CPU
		{7F56FF85-DDEE-4C52-B3AA-728BACC0B361}.Debug|Any CPU.Build.0 = Debug|Any CPU
		{7F56FF85-DDEE-4C52-B3AA-728BACC0B361}.Release|Any CPU.ActiveCfg = Release|Any CPU
		{7F56FF85-DDEE-4C52-B3AA-728BACC0B361}.Release|Any CPU.Build.0 = Release|Any CPU
	EndGlobalSection
	GlobalSection(SolutionProperties) = preSolution
		HideSolutionNode = FALSE
	EndGlobalSection
	GlobalSection(ExtensibilityGlobals) = postSolution
		SolutionGuid = {F06C547E-4627-416A-90F4-29A33AEAD48D}
	EndGlobalSection
EndGlobal
